
Microsoft Visual Studio Solution File, Format Version 12.00
# Visual Studio Version 17
VisualStudioVersion = 17.13.35818.85
MinimumVisualStudioVersion = 10.0.40219.1
Project("{54A90642-561A-4BB1-A94E-469ADEE60C69}") = "gatekeeper.client", "gatekeeper.client\gatekeeper.client.esproj", "{F4E27EB4-1BD5-49B0-BB14-95411368B183}"
EndProject
Project("{FAE04EC0-301F-11D3-BF4B-00C04F79EFBC}") = "GateKeeper.Server", "GateKeeper.Server\GateKeeper.Server.csproj", "{67035B6E-9381-4E4C-919F-F6F9FF920CF9}"
EndProject
Project("{FAE04EC0-301F-11D3-BF4B-00C04F79EFBC}") = "GateKeeperTests", "GateKeeperTests\GateKeeperTests.csproj", "{0721706B-D0FD-4080-9CD8-CF87551E53FB}"
EndProject
Global
	GlobalSection(SolutionConfigurationPlatforms) = preSolution
		Debug|Any CPU = Debug|Any CPU
		Release|Any CPU = Release|Any CPU
	EndGlobalSection
	GlobalSection(ProjectConfigurationPlatforms) = postSolution
		{F4E27EB4-1BD5-49B0-BB14-95411368B183}.Debug|Any CPU.ActiveCfg = Debug|Any CPU
		{F4E27EB4-1BD5-49B0-BB14-95411368B183}.Debug|Any CPU.Build.0 = Debug|Any CPU
		{F4E27EB4-1BD5-49B0-BB14-95411368B183}.Debug|Any CPU.Deploy.0 = Debug|Any CPU
		{F4E27EB4-1BD5-49B0-BB14-95411368B183}.Release|Any CPU.ActiveCfg = Release|Any CPU
		{F4E27EB4-1BD5-49B0-BB14-95411368B183}.Release|Any CPU.Build.0 = Release|Any CPU
		{F4E27EB4-1BD5-49B0-BB14-95411368B183}.Release|Any CPU.Deploy.0 = Release|Any CPU
		{67035B6E-9381-4E4C-919F-F6F9FF920CF9}.Debug|Any CPU.ActiveCfg = Debug|Any CPU
		{67035B6E-9381-4E4C-919F-F6F9FF920CF9}.Debug|Any CPU.Build.0 = Debug|Any CPU
		{67035B6E-9381-4E4C-919F-F6F9FF920CF9}.Release|Any CPU.ActiveCfg = Release|Any CPU
		{67035B6E-9381-4E4C-919F-F6F9FF920CF9}.Release|Any CPU.Build.0 = Release|Any CPU
		{0721706B-D0FD-4080-9CD8-CF87551E53FB}.Debug|Any CPU.ActiveCfg = Debug|Any CPU
		{0721706B-D0FD-4080-9CD8-CF87551E53FB}.Debug|Any CPU.Build.0 = Debug|Any CPU
		{0721706B-D0FD-4080-9CD8-CF87551E53FB}.Release|Any CPU.ActiveCfg = Release|Any CPU
		{0721706B-D0FD-4080-9CD8-CF87551E53FB}.Release|Any CPU.Build.0 = Release|Any CPU
	EndGlobalSection
	GlobalSection(SolutionProperties) = preSolution
		HideSolutionNode = FALSE
	EndGlobalSection
	GlobalSection(ExtensibilityGlobals) = postSolution
		SolutionGuid = {91B01434-AB15-4FC3-90C9-44830310BB96}
	EndGlobalSection
EndGlobal
